// !$*UTF8*$!
{
	archiveVersion = 1;
	classes = {
	};
	objectVersion = 50;
	objects = {

/* Begin PBXBuildFile section */
		F56850482314269F00ADAD30 /* AppDelegate.swift in Sources */ = {isa = PBXBuildFile; fileRef = F56850472314269F00ADAD30 /* AppDelegate.swift */; };
		F5685052231426A000ADAD30 /* Assets.xcassets in Resources */ = {isa = PBXBuildFile; fileRef = F5685051231426A000ADAD30 /* Assets.xcassets */; };
		F5685055231426A000ADAD30 /* LaunchScreen.storyboard in Resources */ = {isa = PBXBuildFile; fileRef = F5685053231426A000ADAD30 /* LaunchScreen.storyboard */; };
		F568505E231427F900ADAD30 /* HairCareNetworkClient.swift in Sources */ = {isa = PBXBuildFile; fileRef = F568505D231427F900ADAD30 /* HairCareNetworkClient.swift */; };
		F568506A23144CFE00ADAD30 /* Login.swift in Sources */ = {isa = PBXBuildFile; fileRef = F568506923144CFE00ADAD30 /* Login.swift */; };
		F568506C23144D4D00ADAD30 /* User.swift in Sources */ = {isa = PBXBuildFile; fileRef = F568506B23144D4D00ADAD30 /* User.swift */; };
		F568506E23144DC200ADAD30 /* LoginRequest.swift in Sources */ = {isa = PBXBuildFile; fileRef = F568506D23144DC200ADAD30 /* LoginRequest.swift */; };
		F568507023144DDD00ADAD30 /* RegisterRequest.swift in Sources */ = {isa = PBXBuildFile; fileRef = F568506F23144DDD00ADAD30 /* RegisterRequest.swift */; };
		F568507223144E2C00ADAD30 /* Review.swift in Sources */ = {isa = PBXBuildFile; fileRef = F568507123144E2C00ADAD30 /* Review.swift */; };
		F568507423144E8400ADAD30 /* NetworkingManager.swift in Sources */ = {isa = PBXBuildFile; fileRef = F568507323144E8400ADAD30 /* NetworkingManager.swift */; };
		F56850762315923D00ADAD30 /* HairStylistController.swift in Sources */ = {isa = PBXBuildFile; fileRef = F56850752315923D00ADAD30 /* HairStylistController.swift */; };
		F56850792315A28E00ADAD30 /* CoreDataStack.swift in Sources */ = {isa = PBXBuildFile; fileRef = F56850782315A28E00ADAD30 /* CoreDataStack.swift */; };
		F568507B2315A3E600ADAD30 /* HairSylist+Convenience.swift in Sources */ = {isa = PBXBuildFile; fileRef = F568507A2315A3E600ADAD30 /* HairSylist+Convenience.swift */; };
		F5FB7D2B23182A2200163BD7 /* StylistCollectionViewCell.swift in Sources */ = {isa = PBXBuildFile; fileRef = F5FB7D2923182A2200163BD7 /* StylistCollectionViewCell.swift */; };
		F5FB7D2C23182A2200163BD7 /* MyProfileTableViewCell.swift in Sources */ = {isa = PBXBuildFile; fileRef = F5FB7D2A23182A2200163BD7 /* MyProfileTableViewCell.swift */; };
		F5FB7D3523182A4100163BD7 /* CreateProfileViewController.swift in Sources */ = {isa = PBXBuildFile; fileRef = F5FB7D2E23182A4000163BD7 /* CreateProfileViewController.swift */; };
		F5FB7D3623182A4100163BD7 /* SettingsViewController.swift in Sources */ = {isa = PBXBuildFile; fileRef = F5FB7D2F23182A4000163BD7 /* SettingsViewController.swift */; };
		F5FB7D3723182A4100163BD7 /* StylistCollectionViewController.swift in Sources */ = {isa = PBXBuildFile; fileRef = F5FB7D3023182A4100163BD7 /* StylistCollectionViewController.swift */; };
		F5FB7D3823182A4100163BD7 /* EditProfileViewController.swift in Sources */ = {isa = PBXBuildFile; fileRef = F5FB7D3123182A4100163BD7 /* EditProfileViewController.swift */; };
		F5FB7D3923182A4100163BD7 /* SelectStylistViewController.swift in Sources */ = {isa = PBXBuildFile; fileRef = F5FB7D3223182A4100163BD7 /* SelectStylistViewController.swift */; };
		F5FB7D3A23182A4100163BD7 /* LogInViewController.swift in Sources */ = {isa = PBXBuildFile; fileRef = F5FB7D3323182A4100163BD7 /* LogInViewController.swift */; };
		F5FB7D3B23182A4100163BD7 /* MyProfileViewController.swift in Sources */ = {isa = PBXBuildFile; fileRef = F5FB7D3423182A4100163BD7 /* MyProfileViewController.swift */; };
		F5FB7D7323182A9D00163BD7 /* StylistController.swift in Sources */ = {isa = PBXBuildFile; fileRef = F5FB7D7223182A9D00163BD7 /* StylistController.swift */; };
		F5FB7D7523182AF100163BD7 /* Main.storyboard in Resources */ = {isa = PBXBuildFile; fileRef = F5FB7D7423182AF100163BD7 /* Main.storyboard */; };
		F5FB7D7723182B0A00163BD7 /* HairStylist.swift in Sources */ = {isa = PBXBuildFile; fileRef = F5FB7D7623182B0A00163BD7 /* HairStylist.swift */; };
/* End PBXBuildFile section */

/* Begin PBXFileReference section */
		F56850442314269F00ADAD30 /* HairCare.app */ = {isa = PBXFileReference; explicitFileType = wrapper.application; includeInIndex = 0; path = HairCare.app; sourceTree = BUILT_PRODUCTS_DIR; };
		F56850472314269F00ADAD30 /* AppDelegate.swift */ = {isa = PBXFileReference; lastKnownFileType = sourcecode.swift; path = AppDelegate.swift; sourceTree = "<group>"; };
		F5685051231426A000ADAD30 /* Assets.xcassets */ = {isa = PBXFileReference; lastKnownFileType = folder.assetcatalog; path = Assets.xcassets; sourceTree = "<group>"; };
		F5685054231426A000ADAD30 /* Base */ = {isa = PBXFileReference; lastKnownFileType = file.storyboard; name = Base; path = Base.lproj/LaunchScreen.storyboard; sourceTree = "<group>"; };
		F5685056231426A000ADAD30 /* Info.plist */ = {isa = PBXFileReference; lastKnownFileType = text.plist.xml; path = Info.plist; sourceTree = "<group>"; };
		F568505D231427F900ADAD30 /* HairCareNetworkClient.swift */ = {isa = PBXFileReference; lastKnownFileType = sourcecode.swift; path = HairCareNetworkClient.swift; sourceTree = "<group>"; };
		F568506923144CFE00ADAD30 /* Login.swift */ = {isa = PBXFileReference; lastKnownFileType = sourcecode.swift; path = Login.swift; sourceTree = "<group>"; };
		F568506B23144D4D00ADAD30 /* User.swift */ = {isa = PBXFileReference; lastKnownFileType = sourcecode.swift; path = User.swift; sourceTree = "<group>"; };
		F568506D23144DC200ADAD30 /* LoginRequest.swift */ = {isa = PBXFileReference; lastKnownFileType = sourcecode.swift; path = LoginRequest.swift; sourceTree = "<group>"; };
		F568506F23144DDD00ADAD30 /* RegisterRequest.swift */ = {isa = PBXFileReference; lastKnownFileType = sourcecode.swift; path = RegisterRequest.swift; sourceTree = "<group>"; };
		F568507123144E2C00ADAD30 /* Review.swift */ = {isa = PBXFileReference; lastKnownFileType = sourcecode.swift; path = Review.swift; sourceTree = "<group>"; };
		F568507323144E8400ADAD30 /* NetworkingManager.swift */ = {isa = PBXFileReference; lastKnownFileType = sourcecode.swift; path = NetworkingManager.swift; sourceTree = "<group>"; };
		F56850752315923D00ADAD30 /* HairStylistController.swift */ = {isa = PBXFileReference; lastKnownFileType = sourcecode.swift; path = HairStylistController.swift; sourceTree = "<group>"; };
		F56850782315A28E00ADAD30 /* CoreDataStack.swift */ = {isa = PBXFileReference; lastKnownFileType = sourcecode.swift; path = CoreDataStack.swift; sourceTree = "<group>"; };
		F568507A2315A3E600ADAD30 /* HairSylist+Convenience.swift */ = {isa = PBXFileReference; lastKnownFileType = sourcecode.swift; path = "HairSylist+Convenience.swift"; sourceTree = "<group>"; };
		F5FB7D2923182A2200163BD7 /* StylistCollectionViewCell.swift */ = {isa = PBXFileReference; fileEncoding = 4; lastKnownFileType = sourcecode.swift; path = StylistCollectionViewCell.swift; sourceTree = "<group>"; };
		F5FB7D2A23182A2200163BD7 /* MyProfileTableViewCell.swift */ = {isa = PBXFileReference; fileEncoding = 4; lastKnownFileType = sourcecode.swift; path = MyProfileTableViewCell.swift; sourceTree = "<group>"; };
		F5FB7D2E23182A4000163BD7 /* CreateProfileViewController.swift */ = {isa = PBXFileReference; fileEncoding = 4; lastKnownFileType = sourcecode.swift; path = CreateProfileViewController.swift; sourceTree = "<group>"; };
		F5FB7D2F23182A4000163BD7 /* SettingsViewController.swift */ = {isa = PBXFileReference; fileEncoding = 4; lastKnownFileType = sourcecode.swift; path = SettingsViewController.swift; sourceTree = "<group>"; };
		F5FB7D3023182A4100163BD7 /* StylistCollectionViewController.swift */ = {isa = PBXFileReference; fileEncoding = 4; lastKnownFileType = sourcecode.swift; path = StylistCollectionViewController.swift; sourceTree = "<group>"; };
		F5FB7D3123182A4100163BD7 /* EditProfileViewController.swift */ = {isa = PBXFileReference; fileEncoding = 4; lastKnownFileType = sourcecode.swift; path = EditProfileViewController.swift; sourceTree = "<group>"; };
		F5FB7D3223182A4100163BD7 /* SelectStylistViewController.swift */ = {isa = PBXFileReference; fileEncoding = 4; lastKnownFileType = sourcecode.swift; path = SelectStylistViewController.swift; sourceTree = "<group>"; };
		F5FB7D3323182A4100163BD7 /* LogInViewController.swift */ = {isa = PBXFileReference; fileEncoding = 4; lastKnownFileType = sourcecode.swift; path = LogInViewController.swift; sourceTree = "<group>"; };
		F5FB7D3423182A4100163BD7 /* MyProfileViewController.swift */ = {isa = PBXFileReference; fileEncoding = 4; lastKnownFileType = sourcecode.swift; path = MyProfileViewController.swift; sourceTree = "<group>"; };
		F5FB7D7223182A9D00163BD7 /* StylistController.swift */ = {isa = PBXFileReference; fileEncoding = 4; lastKnownFileType = sourcecode.swift; path = StylistController.swift; sourceTree = "<group>"; };
		F5FB7D7423182AF100163BD7 /* Main.storyboard */ = {isa = PBXFileReference; fileEncoding = 4; lastKnownFileType = file.storyboard; path = Main.storyboard; sourceTree = "<group>"; };
		F5FB7D7623182B0A00163BD7 /* HairStylist.swift */ = {isa = PBXFileReference; fileEncoding = 4; lastKnownFileType = sourcecode.swift; path = HairStylist.swift; sourceTree = "<group>"; };
/* End PBXFileReference section */

/* Begin PBXFrameworksBuildPhase section */
		F56850412314269F00ADAD30 /* Frameworks */ = {
			isa = PBXFrameworksBuildPhase;
			buildActionMask = 2147483647;
			files = (
			);
			runOnlyForDeploymentPostprocessing = 0;
		};
/* End PBXFrameworksBuildPhase section */

/* Begin PBXGroup section */
		F568503B2314269F00ADAD30 = {
			isa = PBXGroup;
			children = (
				F56850462314269F00ADAD30 /* HairCare */,
				F56850452314269F00ADAD30 /* Products */,
			);
			sourceTree = "<group>";
		};
		F56850452314269F00ADAD30 /* Products */ = {
			isa = PBXGroup;
			children = (
				F56850442314269F00ADAD30 /* HairCare.app */,
			);
			name = Products;
			sourceTree = "<group>";
		};
		F56850462314269F00ADAD30 /* HairCare */ = {
			isa = PBXGroup;
			children = (
				F5FB7D2D23182A3100163BD7 /* ViewControllers */,
				F5FB7D2823182A0A00163BD7 /* Views */,
				F56850772315A21500ADAD30 /* CoreData */,
				F568506623144B8E00ADAD30 /* ModelControllers */,
				F5685065231435A500ADAD30 /* Models */,
				F568505C231427D800ADAD30 /* Networking */,
				F56850472314269F00ADAD30 /* AppDelegate.swift */,
				F5FB7D7423182AF100163BD7 /* Main.storyboard */,
				F5685051231426A000ADAD30 /* Assets.xcassets */,
				F5685053231426A000ADAD30 /* LaunchScreen.storyboard */,
				F5685056231426A000ADAD30 /* Info.plist */,
			);
			path = HairCare;
			sourceTree = "<group>";
		};
		F568505C231427D800ADAD30 /* Networking */ = {
			isa = PBXGroup;
			children = (
				F568505D231427F900ADAD30 /* HairCareNetworkClient.swift */,
				F568507323144E8400ADAD30 /* NetworkingManager.swift */,
				F56850752315923D00ADAD30 /* HairStylistController.swift */,
			);
			path = Networking;
			sourceTree = "<group>";
		};
		F5685065231435A500ADAD30 /* Models */ = {
			isa = PBXGroup;
			children = (
				F5FB7D7623182B0A00163BD7 /* HairStylist.swift */,
				F568506923144CFE00ADAD30 /* Login.swift */,
				F568506B23144D4D00ADAD30 /* User.swift */,
				F568506D23144DC200ADAD30 /* LoginRequest.swift */,
				F568506F23144DDD00ADAD30 /* RegisterRequest.swift */,
				F568507123144E2C00ADAD30 /* Review.swift */,
			);
			path = Models;
			sourceTree = "<group>";
		};
		F568506623144B8E00ADAD30 /* ModelControllers */ = {
			isa = PBXGroup;
			children = (
				F5FB7D7223182A9D00163BD7 /* StylistController.swift */,
			);
			path = ModelControllers;
			sourceTree = "<group>";
		};
		F56850772315A21500ADAD30 /* CoreData */ = {
			isa = PBXGroup;
			children = (
				F56850782315A28E00ADAD30 /* CoreDataStack.swift */,
				F568507A2315A3E600ADAD30 /* HairSylist+Convenience.swift */,
			);
			path = CoreData;
			sourceTree = "<group>";
		};
		F5FB7D2823182A0A00163BD7 /* Views */ = {
			isa = PBXGroup;
			children = (
				F5FB7D2A23182A2200163BD7 /* MyProfileTableViewCell.swift */,
				F5FB7D2923182A2200163BD7 /* StylistCollectionViewCell.swift */,
			);
			path = Views;
			sourceTree = "<group>";
		};
		F5FB7D2D23182A3100163BD7 /* ViewControllers */ = {
			isa = PBXGroup;
			children = (
				F5FB7D2E23182A4000163BD7 /* CreateProfileViewController.swift */,
				F5FB7D3123182A4100163BD7 /* EditProfileViewController.swift */,
				F5FB7D3323182A4100163BD7 /* LogInViewController.swift */,
				F5FB7D3423182A4100163BD7 /* MyProfileViewController.swift */,
				F5FB7D3223182A4100163BD7 /* SelectStylistViewController.swift */,
				F5FB7D2F23182A4000163BD7 /* SettingsViewController.swift */,
				F5FB7D3023182A4100163BD7 /* StylistCollectionViewController.swift */,
			);
			path = ViewControllers;
			sourceTree = "<group>";
		};
/* End PBXGroup section */

/* Begin PBXNativeTarget section */
		F56850432314269F00ADAD30 /* HairCare */ = {
			isa = PBXNativeTarget;
			buildConfigurationList = F5685059231426A000ADAD30 /* Build configuration list for PBXNativeTarget "HairCare" */;
			buildPhases = (
				F56850402314269F00ADAD30 /* Sources */,
				F56850412314269F00ADAD30 /* Frameworks */,
				F56850422314269F00ADAD30 /* Resources */,
			);
			buildRules = (
			);
			dependencies = (
			);
			name = HairCare;
			productName = HairCare;
			productReference = F56850442314269F00ADAD30 /* HairCare.app */;
			productType = "com.apple.product-type.application";
		};
/* End PBXNativeTarget section */

/* Begin PBXProject section */
		F568503C2314269F00ADAD30 /* Project object */ = {
			isa = PBXProject;
			attributes = {
				LastSwiftUpdateCheck = 1030;
				LastUpgradeCheck = 1030;
				ORGANIZATIONNAME = "Taylor Lyles";
				TargetAttributes = {
					F56850432314269F00ADAD30 = {
						CreatedOnToolsVersion = 10.3;
					};
				};
			};
			buildConfigurationList = F568503F2314269F00ADAD30 /* Build configuration list for PBXProject "HairCare" */;
			compatibilityVersion = "Xcode 9.3";
			developmentRegion = en;
			hasScannedForEncodings = 0;
			knownRegions = (
				en,
				Base,
			);
			mainGroup = F568503B2314269F00ADAD30;
			productRefGroup = F56850452314269F00ADAD30 /* Products */;
			projectDirPath = "";
			projectRoot = "";
			targets = (
				F56850432314269F00ADAD30 /* HairCare */,
			);
		};
/* End PBXProject section */

/* Begin PBXResourcesBuildPhase section */
		F56850422314269F00ADAD30 /* Resources */ = {
			isa = PBXResourcesBuildPhase;
			buildActionMask = 2147483647;
			files = (
				F5FB7D7523182AF100163BD7 /* Main.storyboard in Resources */,
				F5685055231426A000ADAD30 /* LaunchScreen.storyboard in Resources */,
				F5685052231426A000ADAD30 /* Assets.xcassets in Resources */,
			);
			runOnlyForDeploymentPostprocessing = 0;
		};
/* End PBXResourcesBuildPhase section */

/* Begin PBXSourcesBuildPhase section */
		F56850402314269F00ADAD30 /* Sources */ = {
			isa = PBXSourcesBuildPhase;
			buildActionMask = 2147483647;
			files = (
				F5FB7D3923182A4100163BD7 /* SelectStylistViewController.swift in Sources */,
				F56850762315923D00ADAD30 /* HairStylistController.swift in Sources */,
				F568506A23144CFE00ADAD30 /* Login.swift in Sources */,
				F56850792315A28E00ADAD30 /* CoreDataStack.swift in Sources */,
				F5FB7D2B23182A2200163BD7 /* StylistCollectionViewCell.swift in Sources */,
				F568507B2315A3E600ADAD30 /* HairSylist+Convenience.swift in Sources */,
				F568507223144E2C00ADAD30 /* Review.swift in Sources */,
				F5FB7D3A23182A4100163BD7 /* LogInViewController.swift in Sources */,
				F5FB7D3B23182A4100163BD7 /* MyProfileViewController.swift in Sources */,
				F5FB7D3723182A4100163BD7 /* StylistCollectionViewController.swift in Sources */,
				F5FB7D3823182A4100163BD7 /* EditProfileViewController.swift in Sources */,
				F5FB7D3623182A4100163BD7 /* SettingsViewController.swift in Sources */,
				F568507423144E8400ADAD30 /* NetworkingManager.swift in Sources */,
				F568506C23144D4D00ADAD30 /* User.swift in Sources */,
				F5FB7D7723182B0A00163BD7 /* HairStylist.swift in Sources */,
				F568505E231427F900ADAD30 /* HairCareNetworkClient.swift in Sources */,
				F568506E23144DC200ADAD30 /* LoginRequest.swift in Sources */,
				F5FB7D2C23182A2200163BD7 /* MyProfileTableViewCell.swift in Sources */,
				F5FB7D7323182A9D00163BD7 /* StylistController.swift in Sources */,
				F568507023144DDD00ADAD30 /* RegisterRequest.swift in Sources */,
				F5FB7D3523182A4100163BD7 /* CreateProfileViewController.swift in Sources */,
				F56850482314269F00ADAD30 /* AppDelegate.swift in Sources */,
			);
			runOnlyForDeploymentPostprocessing = 0;
		};
/* End PBXSourcesBuildPhase section */

/* Begin PBXVariantGroup section */
		F5685053231426A000ADAD30 /* LaunchScreen.storyboard */ = {
			isa = PBXVariantGroup;
			children = (
				F5685054231426A000ADAD30 /* Base */,
			);
			name = LaunchScreen.storyboard;
			sourceTree = "<group>";
		};
/* End PBXVariantGroup section */

/* Begin XCBuildConfiguration section */
		F5685057231426A000ADAD30 /* Debug */ = {
			isa = XCBuildConfiguration;
			buildSettings = {
				ALWAYS_SEARCH_USER_PATHS = NO;
				CLANG_ANALYZER_NONNULL = YES;
				CLANG_ANALYZER_NUMBER_OBJECT_CONVERSION = YES_AGGRESSIVE;
				CLANG_CXX_LANGUAGE_STANDARD = "gnu++14";
				CLANG_CXX_LIBRARY = "libc++";
				CLANG_ENABLE_MODULES = YES;
				CLANG_ENABLE_OBJC_ARC = YES;
				CLANG_ENABLE_OBJC_WEAK = YES;
				CLANG_WARN_BLOCK_CAPTURE_AUTORELEASING = YES;
				CLANG_WARN_BOOL_CONVERSION = YES;
				CLANG_WARN_COMMA = YES;
				CLANG_WARN_CONSTANT_CONVERSION = YES;
				CLANG_WARN_DEPRECATED_OBJC_IMPLEMENTATIONS = YES;
				CLANG_WARN_DIRECT_OBJC_ISA_USAGE = YES_ERROR;
				CLANG_WARN_DOCUMENTATION_COMMENTS = YES;
				CLANG_WARN_EMPTY_BODY = YES;
				CLANG_WARN_ENUM_CONVERSION = YES;
				CLANG_WARN_INFINITE_RECURSION = YES;
				CLANG_WARN_INT_CONVERSION = YES;
				CLANG_WARN_NON_LITERAL_NULL_CONVERSION = YES;
				CLANG_WARN_OBJC_IMPLICIT_RETAIN_SELF = YES;
				CLANG_WARN_OBJC_LITERAL_CONVERSION = YES;
				CLANG_WARN_OBJC_ROOT_CLASS = YES_ERROR;
				CLANG_WARN_RANGE_LOOP_ANALYSIS = YES;
				CLANG_WARN_STRICT_PROTOTYPES = YES;
				CLANG_WARN_SUSPICIOUS_MOVE = YES;
				CLANG_WARN_UNGUARDED_AVAILABILITY = YES_AGGRESSIVE;
				CLANG_WARN_UNREACHABLE_CODE = YES;
				CLANG_WARN__DUPLICATE_METHOD_MATCH = YES;
				CODE_SIGN_IDENTITY = "iPhone Developer";
				COPY_PHASE_STRIP = NO;
				DEBUG_INFORMATION_FORMAT = dwarf;
				ENABLE_STRICT_OBJC_MSGSEND = YES;
				ENABLE_TESTABILITY = YES;
				GCC_C_LANGUAGE_STANDARD = gnu11;
				GCC_DYNAMIC_NO_PIC = NO;
				GCC_NO_COMMON_BLOCKS = YES;
				GCC_OPTIMIZATION_LEVEL = 0;
				GCC_PREPROCESSOR_DEFINITIONS = (
					"DEBUG=1",
					"$(inherited)",
				);
				GCC_WARN_64_TO_32_BIT_CONVERSION = YES;
				GCC_WARN_ABOUT_RETURN_TYPE = YES_ERROR;
				GCC_WARN_UNDECLARED_SELECTOR = YES;
				GCC_WARN_UNINITIALIZED_AUTOS = YES_AGGRESSIVE;
				GCC_WARN_UNUSED_FUNCTION = YES;
				GCC_WARN_UNUSED_VARIABLE = YES;
				IPHONEOS_DEPLOYMENT_TARGET = 12.4;
				MTL_ENABLE_DEBUG_INFO = INCLUDE_SOURCE;
				MTL_FAST_MATH = YES;
				ONLY_ACTIVE_ARCH = YES;
				SDKROOT = iphoneos;
				SWIFT_ACTIVE_COMPILATION_CONDITIONS = DEBUG;
				SWIFT_OPTIMIZATION_LEVEL = "-Onone";
			};
			name = Debug;
		};
		F5685058231426A000ADAD30 /* Release */ = {
			isa = XCBuildConfiguration;
			buildSettings = {
				ALWAYS_SEARCH_USER_PATHS = NO;
				CLANG_ANALYZER_NONNULL = YES;
				CLANG_ANALYZER_NUMBER_OBJECT_CONVERSION = YES_AGGRESSIVE;
				CLANG_CXX_LANGUAGE_STANDARD = "gnu++14";
				CLANG_CXX_LIBRARY = "libc++";
				CLANG_ENABLE_MODULES = YES;
				CLANG_ENABLE_OBJC_ARC = YES;
				CLANG_ENABLE_OBJC_WEAK = YES;
				CLANG_WARN_BLOCK_CAPTURE_AUTORELEASING = YES;
				CLANG_WARN_BOOL_CONVERSION = YES;
				CLANG_WARN_COMMA = YES;
				CLANG_WARN_CONSTANT_CONVERSION = YES;
				CLANG_WARN_DEPRECATED_OBJC_IMPLEMENTATIONS = YES;
				CLANG_WARN_DIRECT_OBJC_ISA_USAGE = YES_ERROR;
				CLANG_WARN_DOCUMENTATION_COMMENTS = YES;
				CLANG_WARN_EMPTY_BODY = YES;
				CLANG_WARN_ENUM_CONVERSION = YES;
				CLANG_WARN_INFINITE_RECURSION = YES;
				CLANG_WARN_INT_CONVERSION = YES;
				CLANG_WARN_NON_LITERAL_NULL_CONVERSION = YES;
				CLANG_WARN_OBJC_IMPLICIT_RETAIN_SELF = YES;
				CLANG_WARN_OBJC_LITERAL_CONVERSION = YES;
				CLANG_WARN_OBJC_ROOT_CLASS = YES_ERROR;
				CLANG_WARN_RANGE_LOOP_ANALYSIS = YES;
				CLANG_WARN_STRICT_PROTOTYPES = YES;
				CLANG_WARN_SUSPICIOUS_MOVE = YES;
				CLANG_WARN_UNGUARDED_AVAILABILITY = YES_AGGRESSIVE;
				CLANG_WARN_UNREACHABLE_CODE = YES;
				CLANG_WARN__DUPLICATE_METHOD_MATCH = YES;
				CODE_SIGN_IDENTITY = "iPhone Developer";
				COPY_PHASE_STRIP = NO;
				DEBUG_INFORMATION_FORMAT = "dwarf-with-dsym";
				ENABLE_NS_ASSERTIONS = NO;
				ENABLE_STRICT_OBJC_MSGSEND = YES;
				GCC_C_LANGUAGE_STANDARD = gnu11;
				GCC_NO_COMMON_BLOCKS = YES;
				GCC_WARN_64_TO_32_BIT_CONVERSION = YES;
				GCC_WARN_ABOUT_RETURN_TYPE = YES_ERROR;
				GCC_WARN_UNDECLARED_SELECTOR = YES;
				GCC_WARN_UNINITIALIZED_AUTOS = YES_AGGRESSIVE;
				GCC_WARN_UNUSED_FUNCTION = YES;
				GCC_WARN_UNUSED_VARIABLE = YES;
				IPHONEOS_DEPLOYMENT_TARGET = 12.4;
				MTL_ENABLE_DEBUG_INFO = NO;
				MTL_FAST_MATH = YES;
				SDKROOT = iphoneos;
				SWIFT_COMPILATION_MODE = wholemodule;
				SWIFT_OPTIMIZATION_LEVEL = "-O";
				VALIDATE_PRODUCT = YES;
			};
			name = Release;
		};
		F568505A231426A000ADAD30 /* Debug */ = {
			isa = XCBuildConfiguration;
			buildSettings = {
				ASSETCATALOG_COMPILER_APPICON_NAME = AppIcon;
				CODE_SIGN_STYLE = Automatic;
				DEVELOPMENT_TEAM = FP8VA6LL76;
				INFOPLIST_FILE = HairCare/Info.plist;
				LD_RUNPATH_SEARCH_PATHS = (
					"$(inherited)",
					"@executable_path/Frameworks",
				);
				PRODUCT_BUNDLE_IDENTIFIER = com.taylorlyles.HairCare;
				PRODUCT_NAME = "$(TARGET_NAME)";
				SWIFT_VERSION = 5.0;
				TARGETED_DEVICE_FAMILY = "1,2";
			};
			name = Debug;
		};
		F568505B231426A000ADAD30 /* Release */ = {
			isa = XCBuildConfiguration;
			buildSettings = {
				ASSETCATALOG_COMPILER_APPICON_NAME = AppIcon;
				CODE_SIGN_STYLE = Automatic;
				DEVELOPMENT_TEAM = FP8VA6LL76;
				INFOPLIST_FILE = HairCare/Info.plist;
				LD_RUNPATH_SEARCH_PATHS = (
					"$(inherited)",
					"@executable_path/Frameworks",
				);
				PRODUCT_BUNDLE_IDENTIFIER = com.taylorlyles.HairCare;
				PRODUCT_NAME = "$(TARGET_NAME)";
				SWIFT_VERSION = 5.0;
				TARGETED_DEVICE_FAMILY = "1,2";
			};
			name = Release;
		};
/* End XCBuildConfiguration section */

/* Begin XCConfigurationList section */
		F568503F2314269F00ADAD30 /* Build configuration list for PBXProject "HairCare" */ = {
			isa = XCConfigurationList;
			buildConfigurations = (
				F5685057231426A000ADAD30 /* Debug */,
				F5685058231426A000ADAD30 /* Release */,
			);
			defaultConfigurationIsVisible = 0;
			defaultConfigurationName = Release;
		};
		F5685059231426A000ADAD30 /* Build configuration list for PBXNativeTarget "HairCare" */ = {
			isa = XCConfigurationList;
			buildConfigurations = (
				F568505A231426A000ADAD30 /* Debug */,
				F568505B231426A000ADAD30 /* Release */,
			);
			defaultConfigurationIsVisible = 0;
			defaultConfigurationName = Release;
		};
/* End XCConfigurationList section */
	};
	rootObject = F568503C2314269F00ADAD30 /* Project object */;
}
